
Microsoft Visual Studio Solution File, Format Version 12.00
# Visual Studio Version 16
VisualStudioVersion = 16.0.31702.278
MinimumVisualStudioVersion = 10.0.40219.1
Project("{FAE04EC0-301F-11D3-BF4B-00C04F79EFBC}") = "veri_yapilari_odev_2-3", "veri_yapilari_odev_2-3.csproj", "{22C46232-A482-4CC0-8120-DD0CAB8DCC41}"
EndProject
Global
	GlobalSection(SolutionConfigurationPlatforms) = preSolution
		Debug|Any CPU = Debug|Any CPU
		Release|Any CPU = Release|Any CPU
	EndGlobalSection
	GlobalSection(ProjectConfigurationPlatforms) = postSolution
		{22C46232-A482-4CC0-8120-DD0CAB8DCC41}.Debug|Any CPU.ActiveCfg = Debug|Any CPU
		{22C46232-A482-4CC0-8120-DD0CAB8DCC41}.Debug|Any CPU.Build.0 = Debug|Any CPU
		{22C46232-A482-4CC0-8120-DD0CAB8DCC41}.Release|Any CPU.ActiveCfg = Release|Any CPU
		{22C46232-A482-4CC0-8120-DD0CAB8DCC41}.Release|Any CPU.Build.0 = Release|Any CPU
	EndGlobalSection
	GlobalSection(SolutionProperties) = preSolution
		HideSolutionNode = FALSE
	EndGlobalSection
	GlobalSection(ExtensibilityGlobals) = postSolution
		SolutionGuid = {B8F6526B-FFD7-48F1-80D5-6F265687C031}
	EndGlobalSection
EndGlobal
